
Microsoft Visual Studio Solution File, Format Version 12.00
# Visual Studio 15
VisualStudioVersion = 15.0.26124.0
MinimumVisualStudioVersion = 15.0.26124.0
Project("{F2A71F9B-5D33-465A-A702-920D77279786}") = "DependenciesIO.NuGet.Collector", "DependenciesIO.NuGet.Collector\DependenciesIO.NuGet.Collector.fsproj", "{A06E8886-0301-4A34-AE71-AEA761ADE226}"
EndProject
Project("{F2A71F9B-5D33-465A-A702-920D77279786}") = "FSharp.Control.AsyncSeq", "FSharp.Control.AsyncSeq\FSharp.Control.AsyncSeq.fsproj", "{CCB15BEF-55FF-43BC-BD08-0D929553E21F}"
EndProject
Project("{F2A71F9B-5D33-465A-A702-920D77279786}") = "DependenciesIO.NuGet", "DependenciesIO.NuGet\DependenciesIO.NuGet.fsproj", "{9E30EE9F-8FE1-401D-AD53-FA859942E998}"
EndProject
Project("{F2A71F9B-5D33-465A-A702-920D77279786}") = "DependenciesIO.NuGet.Actor", "DependenciesIO.NuGet.Actor\DependenciesIO.NuGet.Actor.fsproj", "{890370EB-04A9-4053-9A5E-FA5BEFFFF662}"
EndProject
Global
	GlobalSection(SolutionConfigurationPlatforms) = preSolution
		Debug|Any CPU = Debug|Any CPU
		Debug|x64 = Debug|x64
		Debug|x86 = Debug|x86
		Release|Any CPU = Release|Any CPU
		Release|x64 = Release|x64
		Release|x86 = Release|x86
	EndGlobalSection
	GlobalSection(SolutionProperties) = preSolution
		HideSolutionNode = FALSE
	EndGlobalSection
	GlobalSection(ProjectConfigurationPlatforms) = postSolution
		{A06E8886-0301-4A34-AE71-AEA761ADE226}.Debug|Any CPU.ActiveCfg = Debug|Any CPU
		{A06E8886-0301-4A34-AE71-AEA761ADE226}.Debug|Any CPU.Build.0 = Debug|Any CPU
		{A06E8886-0301-4A34-AE71-AEA761ADE226}.Debug|x64.ActiveCfg = Debug|x64
		{A06E8886-0301-4A34-AE71-AEA761ADE226}.Debug|x64.Build.0 = Debug|x64
		{A06E8886-0301-4A34-AE71-AEA761ADE226}.Debug|x86.ActiveCfg = Debug|x86
		{A06E8886-0301-4A34-AE71-AEA761ADE226}.Debug|x86.Build.0 = Debug|x86
		{A06E8886-0301-4A34-AE71-AEA761ADE226}.Release|Any CPU.ActiveCfg = Release|Any CPU
		{A06E8886-0301-4A34-AE71-AEA761ADE226}.Release|Any CPU.Build.0 = Release|Any CPU
		{A06E8886-0301-4A34-AE71-AEA761ADE226}.Release|x64.ActiveCfg = Release|x64
		{A06E8886-0301-4A34-AE71-AEA761ADE226}.Release|x64.Build.0 = Release|x64
		{A06E8886-0301-4A34-AE71-AEA761ADE226}.Release|x86.ActiveCfg = Release|x86
		{A06E8886-0301-4A34-AE71-AEA761ADE226}.Release|x86.Build.0 = Release|x86
		{CCB15BEF-55FF-43BC-BD08-0D929553E21F}.Debug|Any CPU.ActiveCfg = Debug|Any CPU
		{CCB15BEF-55FF-43BC-BD08-0D929553E21F}.Debug|Any CPU.Build.0 = Debug|Any CPU
		{CCB15BEF-55FF-43BC-BD08-0D929553E21F}.Debug|x64.ActiveCfg = Debug|x64
		{CCB15BEF-55FF-43BC-BD08-0D929553E21F}.Debug|x64.Build.0 = Debug|x64
		{CCB15BEF-55FF-43BC-BD08-0D929553E21F}.Debug|x86.ActiveCfg = Debug|x86
		{CCB15BEF-55FF-43BC-BD08-0D929553E21F}.Debug|x86.Build.0 = Debug|x86
		{CCB15BEF-55FF-43BC-BD08-0D929553E21F}.Release|Any CPU.ActiveCfg = Release|Any CPU
		{CCB15BEF-55FF-43BC-BD08-0D929553E21F}.Release|Any CPU.Build.0 = Release|Any CPU
		{CCB15BEF-55FF-43BC-BD08-0D929553E21F}.Release|x64.ActiveCfg = Release|x64
		{CCB15BEF-55FF-43BC-BD08-0D929553E21F}.Release|x64.Build.0 = Release|x64
		{CCB15BEF-55FF-43BC-BD08-0D929553E21F}.Release|x86.ActiveCfg = Release|x86
		{CCB15BEF-55FF-43BC-BD08-0D929553E21F}.Release|x86.Build.0 = Release|x86
		{9E30EE9F-8FE1-401D-AD53-FA859942E998}.Debug|Any CPU.ActiveCfg = Debug|Any CPU
		{9E30EE9F-8FE1-401D-AD53-FA859942E998}.Debug|Any CPU.Build.0 = Debug|Any CPU
		{9E30EE9F-8FE1-401D-AD53-FA859942E998}.Debug|x64.ActiveCfg = Debug|x64
		{9E30EE9F-8FE1-401D-AD53-FA859942E998}.Debug|x64.Build.0 = Debug|x64
		{9E30EE9F-8FE1-401D-AD53-FA859942E998}.Debug|x86.ActiveCfg = Debug|x86
		{9E30EE9F-8FE1-401D-AD53-FA859942E998}.Debug|x86.Build.0 = Debug|x86
		{9E30EE9F-8FE1-401D-AD53-FA859942E998}.Release|Any CPU.ActiveCfg = Release|Any CPU
		{9E30EE9F-8FE1-401D-AD53-FA859942E998}.Release|Any CPU.Build.0 = Release|Any CPU
		{9E30EE9F-8FE1-401D-AD53-FA859942E998}.Release|x64.ActiveCfg = Release|x64
		{9E30EE9F-8FE1-401D-AD53-FA859942E998}.Release|x64.Build.0 = Release|x64
		{9E30EE9F-8FE1-401D-AD53-FA859942E998}.Release|x86.ActiveCfg = Release|x86
		{9E30EE9F-8FE1-401D-AD53-FA859942E998}.Release|x86.Build.0 = Release|x86
		{890370EB-04A9-4053-9A5E-FA5BEFFFF662}.Debug|Any CPU.ActiveCfg = Debug|Any CPU
		{890370EB-04A9-4053-9A5E-FA5BEFFFF662}.Debug|Any CPU.Build.0 = Debug|Any CPU
		{890370EB-04A9-4053-9A5E-FA5BEFFFF662}.Debug|x64.ActiveCfg = Debug|x64
		{890370EB-04A9-4053-9A5E-FA5BEFFFF662}.Debug|x64.Build.0 = Debug|x64
		{890370EB-04A9-4053-9A5E-FA5BEFFFF662}.Debug|x86.ActiveCfg = Debug|x86
		{890370EB-04A9-4053-9A5E-FA5BEFFFF662}.Debug|x86.Build.0 = Debug|x86
		{890370EB-04A9-4053-9A5E-FA5BEFFFF662}.Release|Any CPU.ActiveCfg = Release|Any CPU
		{890370EB-04A9-4053-9A5E-FA5BEFFFF662}.Release|Any CPU.Build.0 = Release|Any CPU
		{890370EB-04A9-4053-9A5E-FA5BEFFFF662}.Release|x64.ActiveCfg = Release|x64
		{890370EB-04A9-4053-9A5E-FA5BEFFFF662}.Release|x64.Build.0 = Release|x64
		{890370EB-04A9-4053-9A5E-FA5BEFFFF662}.Release|x86.ActiveCfg = Release|x86
		{890370EB-04A9-4053-9A5E-FA5BEFFFF662}.Release|x86.Build.0 = Release|x86
	EndGlobalSection
EndGlobal
